
Microsoft Visual Studio Solution File, Format Version 12.00
# Visual Studio Version 17
VisualStudioVersion = 17.0.32112.339
MinimumVisualStudioVersion = 10.0.40219.1
Project("{9A19103F-16F7-4668-BE54-9A1E7A4F7556}") = "TestPrep.MP.Api", "TestPrep.MP.Api.csproj", "{26A5BB75-25F8-4A03-910C-2B8A7D402645}"
EndProject
Global
	GlobalSection(SolutionConfigurationPlatforms) = preSolution
		Debug|Any CPU = Debug|Any CPU
		Release|Any CPU = Release|Any CPU
	EndGlobalSection
	GlobalSection(ProjectConfigurationPlatforms) = postSolution
		{26A5BB75-25F8-4A03-910C-2B8A7D402645}.Debug|Any CPU.ActiveCfg = Debug|Any CPU
		{26A5BB75-25F8-4A03-910C-2B8A7D402645}.Debug|Any CPU.Build.0 = Debug|Any CPU
		{26A5BB75-25F8-4A03-910C-2B8A7D402645}.Release|Any CPU.ActiveCfg = Release|Any CPU
		{26A5BB75-25F8-4A03-910C-2B8A7D402645}.Release|Any CPU.Build.0 = Release|Any CPU
	EndGlobalSection
	GlobalSection(SolutionProperties) = preSolution
		HideSolutionNode = FALSE
	EndGlobalSection
	GlobalSection(ExtensibilityGlobals) = postSolution
		SolutionGuid = {C36D1D57-4EEC-4A03-B7AD-E1D30F8AE874}
	EndGlobalSection
EndGlobal
